
Microsoft Visual Studio Solution File, Format Version 12.00
# Visual Studio Version 17
VisualStudioVersion = 17.8.34322.80
MinimumVisualStudioVersion = 10.0.40219.1
Project("{FAE04EC0-301F-11D3-BF4B-00C04F79EFBC}") = "GoogleApp9", "GoogleApp9\GoogleApp9.csproj", "{545AFBC0-8FF0-4FB6-A37E-3BEAA6B04549}"
EndProject
Global
	GlobalSection(SolutionConfigurationPlatforms) = preSolution
		Debug|Any CPU = Debug|Any CPU
		Release|Any CPU = Release|Any CPU
	EndGlobalSection
	GlobalSection(ProjectConfigurationPlatforms) = postSolution
		{545AFBC0-8FF0-4FB6-A37E-3BEAA6B04549}.Debug|Any CPU.ActiveCfg = Debug|Any CPU
		{545AFBC0-8FF0-4FB6-A37E-3BEAA6B04549}.Debug|Any CPU.Build.0 = Debug|Any CPU
		{545AFBC0-8FF0-4FB6-A37E-3BEAA6B04549}.Release|Any CPU.ActiveCfg = Release|Any CPU
		{545AFBC0-8FF0-4FB6-A37E-3BEAA6B04549}.Release|Any CPU.Build.0 = Release|Any CPU
	EndGlobalSection
	GlobalSection(SolutionProperties) = preSolution
		HideSolutionNode = FALSE
	EndGlobalSection
	GlobalSection(ExtensibilityGlobals) = postSolution
		SolutionGuid = {90449543-443B-498E-A25B-3C83A3EAFD44}
	EndGlobalSection
EndGlobal
